
Microsoft Visual Studio Solution File, Format Version 12.00
# Visual Studio Version 17
VisualStudioVersion = 17.2.32630.192
MinimumVisualStudioVersion = 10.0.40219.1
Project("{9A19103F-16F7-4668-BE54-9A1E7A4F7556}") = "SpaceInvaders", "SpaceInvaders.csproj", "{737E72D6-420A-4941-9106-CF87AF112B7B}"
EndProject
Project("{FAE04EC0-301F-11D3-BF4B-00C04F79EFBC}") = "SpaceInvadersTests2", "..\SpaceInvadersTests2\SpaceInvadersTests2.csproj", "{BFFD1BE0-72F2-4C88-9591-483EB937DA72}"
EndProject
Global
	GlobalSection(SolutionConfigurationPlatforms) = preSolution
		Debug|Any CPU = Debug|Any CPU
		Release|Any CPU = Release|Any CPU
	EndGlobalSection
	GlobalSection(ProjectConfigurationPlatforms) = postSolution
		{737E72D6-420A-4941-9106-CF87AF112B7B}.Debug|Any CPU.ActiveCfg = Debug|Any CPU
		{737E72D6-420A-4941-9106-CF87AF112B7B}.Debug|Any CPU.Build.0 = Debug|Any CPU
		{737E72D6-420A-4941-9106-CF87AF112B7B}.Release|Any CPU.ActiveCfg = Release|Any CPU
		{737E72D6-420A-4941-9106-CF87AF112B7B}.Release|Any CPU.Build.0 = Release|Any CPU
		{BFFD1BE0-72F2-4C88-9591-483EB937DA72}.Debug|Any CPU.ActiveCfg = Debug|Any CPU
		{BFFD1BE0-72F2-4C88-9591-483EB937DA72}.Debug|Any CPU.Build.0 = Debug|Any CPU
		{BFFD1BE0-72F2-4C88-9591-483EB937DA72}.Release|Any CPU.ActiveCfg = Release|Any CPU
		{BFFD1BE0-72F2-4C88-9591-483EB937DA72}.Release|Any CPU.Build.0 = Release|Any CPU
	EndGlobalSection
	GlobalSection(SolutionProperties) = preSolution
		HideSolutionNode = FALSE
	EndGlobalSection
	GlobalSection(ExtensibilityGlobals) = postSolution
		SolutionGuid = {A3F685FC-C24A-487C-B4EF-23DF6783D469}
	EndGlobalSection
EndGlobal
